
Microsoft Visual Studio Solution File, Format Version 12.00
# Visual Studio Express 2012 for Windows Desktop
Project("{FAE04EC0-301F-11D3-BF4B-00C04F79EFBC}") = "AmbientLightAdjustment", "AmbientLightAdjustment\AmbientLightAdjustment.csproj", "{ABF39C63-DB1D-4580-8862-67EB883D90A6}"
EndProject
Global
	GlobalSection(SolutionConfigurationPlatforms) = preSolution
		Debug|Any CPU = Debug|Any CPU
		Release|Any CPU = Release|Any CPU
	EndGlobalSection
	GlobalSection(ProjectConfigurationPlatforms) = postSolution
		{ABF39C63-DB1D-4580-8862-67EB883D90A6}.Debug|Any CPU.ActiveCfg = Debug|Any CPU
		{ABF39C63-DB1D-4580-8862-67EB883D90A6}.Debug|Any CPU.Build.0 = Debug|Any CPU
		{ABF39C63-DB1D-4580-8862-67EB883D90A6}.Release|Any CPU.ActiveCfg = Release|Any CPU
		{ABF39C63-DB1D-4580-8862-67EB883D90A6}.Release|Any CPU.Build.0 = Release|Any CPU
	EndGlobalSection
	GlobalSection(SolutionProperties) = preSolution
		HideSolutionNode = FALSE
	EndGlobalSection
EndGlobal
